
Microsoft Visual Studio Solution File, Format Version 12.00
# Visual Studio Version 17
VisualStudioVersion = 17.12.35527.113 d17.12
MinimumVisualStudioVersion = 10.0.40219.1
Project("{FAE04EC0-301F-11D3-BF4B-00C04F79EFBC}") = "AccessModifiers", "AccessModifiers\AccessModifiers.csproj", "{DD2C2692-68EC-4FB9-A90B-F4474E62EF98}"
EndProject
Project("{FAE04EC0-301F-11D3-BF4B-00C04F79EFBC}") = "Amazon", "Amazon\Amazon.csproj", "{99C996F7-6B29-44B2-8617-27BA05BC187D}"
EndProject
Global
	GlobalSection(SolutionConfigurationPlatforms) = preSolution
		Debug|Any CPU = Debug|Any CPU
		Release|Any CPU = Release|Any CPU
	EndGlobalSection
	GlobalSection(ProjectConfigurationPlatforms) = postSolution
		{DD2C2692-68EC-4FB9-A90B-F4474E62EF98}.Debug|Any CPU.ActiveCfg = Debug|Any CPU
		{DD2C2692-68EC-4FB9-A90B-F4474E62EF98}.Debug|Any CPU.Build.0 = Debug|Any CPU
		{DD2C2692-68EC-4FB9-A90B-F4474E62EF98}.Release|Any CPU.ActiveCfg = Release|Any CPU
		{DD2C2692-68EC-4FB9-A90B-F4474E62EF98}.Release|Any CPU.Build.0 = Release|Any CPU
		{99C996F7-6B29-44B2-8617-27BA05BC187D}.Debug|Any CPU.ActiveCfg = Debug|Any CPU
		{99C996F7-6B29-44B2-8617-27BA05BC187D}.Debug|Any CPU.Build.0 = Debug|Any CPU
		{99C996F7-6B29-44B2-8617-27BA05BC187D}.Release|Any CPU.ActiveCfg = Release|Any CPU
		{99C996F7-6B29-44B2-8617-27BA05BC187D}.Release|Any CPU.Build.0 = Release|Any CPU
	EndGlobalSection
	GlobalSection(SolutionProperties) = preSolution
		HideSolutionNode = FALSE
	EndGlobalSection
EndGlobal
